
Microsoft Visual Studio Solution File, Format Version 12.00
# Visual Studio Version 16
VisualStudioVersion = 16.0.29503.13
MinimumVisualStudioVersion = 10.0.40219.1
Project("{FAE04EC0-301F-11D3-BF4B-00C04F79EFBC}") = "winforms-csharp-retailitems", "winforms-csharp-retailitems\winforms-csharp-retailitems.csproj", "{77DAC01C-8845-437B-8CE8-6D47FD211453}"
EndProject
Global
	GlobalSection(SolutionConfigurationPlatforms) = preSolution
		Debug|Any CPU = Debug|Any CPU
		Release|Any CPU = Release|Any CPU
	EndGlobalSection
	GlobalSection(ProjectConfigurationPlatforms) = postSolution
		{77DAC01C-8845-437B-8CE8-6D47FD211453}.Debug|Any CPU.ActiveCfg = Debug|Any CPU
		{77DAC01C-8845-437B-8CE8-6D47FD211453}.Debug|Any CPU.Build.0 = Debug|Any CPU
		{77DAC01C-8845-437B-8CE8-6D47FD211453}.Release|Any CPU.ActiveCfg = Release|Any CPU
		{77DAC01C-8845-437B-8CE8-6D47FD211453}.Release|Any CPU.Build.0 = Release|Any CPU
	EndGlobalSection
	GlobalSection(SolutionProperties) = preSolution
		HideSolutionNode = FALSE
	EndGlobalSection
	GlobalSection(ExtensibilityGlobals) = postSolution
		SolutionGuid = {F88AD324-1759-44C2-967F-F9C2517D4B40}
	EndGlobalSection
EndGlobal
